
Microsoft Visual Studio Solution File, Format Version 12.00
# Visual Studio Version 16
VisualStudioVersion = 16.0.31911.196
MinimumVisualStudioVersion = 10.0.40219.1
Project("{FAE04EC0-301F-11D3-BF4B-00C04F79EFBC}") = "Sliyanie_Vetok", "Sliyanie_Vetok.csproj", "{6167293D-6D7D-405A-B101-30714C01D4AA}"
EndProject
Global
	GlobalSection(SolutionConfigurationPlatforms) = preSolution
		Debug|Any CPU = Debug|Any CPU
		Release|Any CPU = Release|Any CPU
	EndGlobalSection
	GlobalSection(ProjectConfigurationPlatforms) = postSolution
		{6167293D-6D7D-405A-B101-30714C01D4AA}.Debug|Any CPU.ActiveCfg = Debug|Any CPU
		{6167293D-6D7D-405A-B101-30714C01D4AA}.Debug|Any CPU.Build.0 = Debug|Any CPU
		{6167293D-6D7D-405A-B101-30714C01D4AA}.Release|Any CPU.ActiveCfg = Release|Any CPU
		{6167293D-6D7D-405A-B101-30714C01D4AA}.Release|Any CPU.Build.0 = Release|Any CPU
	EndGlobalSection
	GlobalSection(SolutionProperties) = preSolution
		HideSolutionNode = FALSE
	EndGlobalSection
	GlobalSection(ExtensibilityGlobals) = postSolution
		SolutionGuid = {B02E9084-B897-4C77-9324-134528B6E61A}
	EndGlobalSection
EndGlobal
